{
  "version": "3",
  "remote": {
    "https://esm.sh/@octokit/oauth-app@6.0.0": "9abf0ecc698c4928b23bcc9657c07bdb5e7d332114b238034ce4619dbbf77ee7",
    "https://esm.sh/@octokit/oauth-app@7.1.2": "a5490e50d007b3f5f9e5664a67a3e925a11d0207f4111d091bf19f76f5a753a7",
    "https://esm.sh/v135/@octokit/auth-oauth-app@7.0.1/denonext/auth-oauth-app.mjs": "5db38d887d10dd263d764a53836e1874e87a5d3daceee2610f4f847bfa7b36e4",
    "https://esm.sh/v135/@octokit/auth-oauth-app@7.1.0/denonext/auth-oauth-app.mjs": "f1eb5fe54730576cfa0e6a0386568e77e31b5fa29826aba196b0d1d4e57c8f07",
    "https://esm.sh/v135/@octokit/auth-oauth-app@8.1.1/denonext/auth-oauth-app.mjs": "3053797c8f7c35a753fad67685d11b45bb57dc032a560d2f1fdc6c26f395c343",
    "https://esm.sh/v135/@octokit/auth-oauth-device@6.0.1/denonext/auth-oauth-device.mjs": "7c910565cee30ef3b4de188f7a65c1fac550645556e3471e3836065764bb6414",
    "https://esm.sh/v135/@octokit/auth-oauth-device@6.1.0/denonext/auth-oauth-device.mjs": "5ef9663d03309e5ceeec8126f3b5fd20bcfaff7640fe81bb86fd97c1cd17cb74",
    "https://esm.sh/v135/@octokit/auth-oauth-device@7.0.1/denonext/auth-oauth-device.mjs": "f8b5c89d9db21aa7510584f2182151ddee3aff137541a30bda6af062f6756291",
    "https://esm.sh/v135/@octokit/auth-oauth-device@7.1.1/denonext/auth-oauth-device.mjs": "e36853f66af1f6458c05b024d488d31fe68c0abc3e14289aba2a6dee334d826b",
    "https://esm.sh/v135/@octokit/auth-oauth-user@4.0.1/denonext/auth-oauth-user.mjs": "553289459a184ba043e4e562365107cf8836c34c212017d72bfe57b67aa0e19b",
    "https://esm.sh/v135/@octokit/auth-oauth-user@4.1.0/denonext/auth-oauth-user.mjs": "554c1d7290be52e6d700ab021de29e64b0f29e4c99ab51d851b8442422287328",
    "https://esm.sh/v135/@octokit/auth-oauth-user@5.1.0/denonext/auth-oauth-user.mjs": "0d8c5f557f4cd800dcbda3199daafc5c32a624c8fdac58a4794ffee763559b6b",
    "https://esm.sh/v135/@octokit/auth-oauth-user@5.1.1/denonext/auth-oauth-user.mjs": "cdc1f3b62771f69ca140f6ec0e0e8f9c415f35bbaf7360e815ad3c030e974ad0",
    "https://esm.sh/v135/@octokit/auth-token@4.0.0/denonext/auth-token.mjs": "ab9285959f2bc3ca7942bfb81df3e2f15f5895c829455156647faa403b75703b",
    "https://esm.sh/v135/@octokit/auth-token@5.1.0/denonext/auth-token.mjs": "24c22015e586d621821b0acb1b5b82d32c95d1813d264ce8fa3f769ba8806e8c",
    "https://esm.sh/v135/@octokit/auth-unauthenticated@5.0.1/denonext/auth-unauthenticated.mjs": "df223324a50c37e1c1a30540cfc7734e0963def74e1b291b2b63e0e14b87ab12",
    "https://esm.sh/v135/@octokit/auth-unauthenticated@6.1.0/denonext/auth-unauthenticated.mjs": "db364a39d0ef09210c052d57e7b49a311e98e74477de1c223fb75e3d91168d6a",
    "https://esm.sh/v135/@octokit/core@5.0.2/denonext/core.mjs": "4d8d486843690723fe2f314d80c7a7783450064dc6fae231f05c755e227038ec",
    "https://esm.sh/v135/@octokit/core@5.2.0/denonext/core.mjs": "2bb7da944dbebeed79f1d2fe6afee247dc9f733b66e6242092268767afa6d571",
    "https://esm.sh/v135/@octokit/core@6.1.2/denonext/core.mjs": "2629f0f304f0a8313644ed4ddedbf1c7fbce06e80aadc6f718f6a4b4f401f9d7",
    "https://esm.sh/v135/@octokit/endpoint@10.0.0/denonext/endpoint.mjs": "8d6f16f0b272fc7a20582637a3ffbd29c14f4bf629fafda05c33cf214b0dd716",
    "https://esm.sh/v135/@octokit/endpoint@10.1.0/denonext/endpoint.mjs": "cb307fd4d62518987144d31210f929e67d644c7bcad866cdfde547a528d48e12",
    "https://esm.sh/v135/@octokit/endpoint@9.0.2/denonext/endpoint.mjs": "1a7a902350655f7c029a1a98e045bdf9743224fdda396ea14bd5e1876baa1998",
    "https://esm.sh/v135/@octokit/endpoint@9.0.4/denonext/endpoint.mjs": "d6a3b9d471d2ff2d1fb5b736ebba9589bfcadc0a563ec4e51adc423fdb2e91d2",
    "https://esm.sh/v135/@octokit/graphql@7.0.2/denonext/graphql.mjs": "72aa9d18b1ba8bf45a778e7c1287ee6eb110c4e0dd9d0de56dab96ea7456e6c9",
    "https://esm.sh/v135/@octokit/graphql@7.1.0/denonext/graphql.mjs": "4e0ba99cae80d01f7ec5ed6ada2304d799dc365e6f4094604167b621ff7d0d3f",
    "https://esm.sh/v135/@octokit/graphql@8.1.0/denonext/graphql.mjs": "a84701c7a52ca92d4b201f7502c3b048bfb3c0be9a131ed04bc736ccab160aba",
    "https://esm.sh/v135/@octokit/oauth-app@6.0.0/denonext/oauth-app.mjs": "a657094cb2a799a4ba7364351fdfe83af1d21c51d2d1ac8dd09006b1c235b904",
    "https://esm.sh/v135/@octokit/oauth-app@7.1.2/denonext/oauth-app.mjs": "f6bd50fbd48dbf0fe5569ef5c9c1168e448fc03b2c1393bbdcd3d35ae8c5a527",
    "https://esm.sh/v135/@octokit/oauth-authorization-url@6.0.2/denonext/oauth-authorization-url.mjs": "c4a3809c1092ab4135bbb65ba82e885b915a3e0b68e8c9554c98766388baa399",
    "https://esm.sh/v135/@octokit/oauth-authorization-url@7.1.0/denonext/oauth-authorization-url.mjs": "7039f7809ff3fc503c5d314ec8cf38e96b9dd303a504161a3f84d21c3a0f28b3",
    "https://esm.sh/v135/@octokit/oauth-methods@4.0.0/denonext/oauth-methods.mjs": "359d27e6a203d839ab9d9019baab5e48f30c006e112875e55e0573f5d048edd8",
    "https://esm.sh/v135/@octokit/oauth-methods@4.1.0/denonext/oauth-methods.mjs": "53e67f7f2abea8be67557ff550c0beb523de3f4e500a68219cd47173227a1e6e",
    "https://esm.sh/v135/@octokit/oauth-methods@5.0.0/denonext/oauth-methods.mjs": "3f3acffcd60c6b4126a161f3d7e741d8e3049abb6f92e1b14a3456149f569dc4",
    "https://esm.sh/v135/@octokit/oauth-methods@5.1.0/denonext/oauth-methods.mjs": "98e336f868d5b229b9b729359076a49ddc075dca5dbb7b712bd2f6d9a9a22245",
    "https://esm.sh/v135/@octokit/request-error@5.0.1/denonext/request-error.mjs": "29545da3e16820c62df13044b08c0238e1b26b0cdaaaaad5049899f45a75b8a8",
    "https://esm.sh/v135/@octokit/request-error@5.1.0/denonext/request-error.mjs": "0d7d746d259a2be24a0cd3a3f64eefa3d756f13b873a9abcf41423d2bdec1af2",
    "https://esm.sh/v135/@octokit/request-error@6.0.2/denonext/request-error.mjs": "d25f73ba0f75f4ed9830caa96bffc7e36a73e51c0777caa8f436af3ede1cb116",
    "https://esm.sh/v135/@octokit/request-error@6.1.0/denonext/request-error.mjs": "271a5a47ff4c05bf414443880c68fcc4c75e4da7c0e2caab1a4998fe4b6961b3",
    "https://esm.sh/v135/@octokit/request-error@6.1.1/denonext/request-error.mjs": "defc383caa2ab78f4f13d0d4bdec0695d0631ee68b2e7c4c6527dbfcecf5a4e1",
    "https://esm.sh/v135/@octokit/request@8.1.5/denonext/request.mjs": "566127b020f1790f6e79217464ca2c633381497b78b197031d11168c99896d81",
    "https://esm.sh/v135/@octokit/request@8.1.6/denonext/request.mjs": "9a63ba0df8cc60838b04851ea1b18ec989131ace2641f2ea540127b4328934f1",
    "https://esm.sh/v135/@octokit/request@8.4.0/denonext/request.mjs": "a1f63775a6c089a6b286b6e833643b3f253a532b1d538bf6dfd7b3e9396072c3",
    "https://esm.sh/v135/@octokit/request@9.0.1/denonext/request.mjs": "150c8b8f650bcb2567a3e30906871234b1f449cd3765af418d15e08767bea449",
    "https://esm.sh/v135/@octokit/request@9.1.0/denonext/request.mjs": "cc64353d55ef0f89428c9d752e57adad51e8dc7e03884f6086f8b953f781ae3e",
    "https://esm.sh/v135/@octokit/request@9.1.1/denonext/request.mjs": "244ea781a56043a408039581a4ccedd65a434c1311a21c1893cb546bfc2dd3d5",
    "https://esm.sh/v135/before-after-hook@2.2.3/denonext/before-after-hook.mjs": "f4262d059d899d7fcaa8d903bcf352df38ac1c040bb45273d79de200ffdad267",
    "https://esm.sh/v135/before-after-hook@3.0.2/denonext/before-after-hook.mjs": "cf2363bb9be543fadd912087b89d461082fd2ee66a9a3cc81fbeeea11aea8c32",
    "https://esm.sh/v135/btoa-lite@1.0.0/denonext/btoa-lite.mjs": "5f8ecdf77c8824225e30cf84b62ded0fa667ef51fe1a8b772b1ddf46410bf78f",
    "https://esm.sh/v135/deprecation@2.3.1/denonext/deprecation.mjs": "0bf7139d1068345709e59dddb4daea315691d290a8c896a6e076dea02dd66eaf",
    "https://esm.sh/v135/is-plain-object@5.0.0/denonext/is-plain-object.mjs": "6d9568ddc8b90de99a46c63e14984810280b6b021dc4e478803b3c240811985f",
    "https://esm.sh/v135/once@1.4.0/denonext/once.mjs": "5ab9193c36609f6c5cf6f1e2e37dd952c87d8ff0b0267433c29b228a2c470cd5",
    "https://esm.sh/v135/universal-user-agent@6.0.1/denonext/universal-user-agent.mjs": "053324bcacbaf066d185d6bf0a3797ee474d975f720ce75351238e420fc82c22",
    "https://esm.sh/v135/universal-user-agent@7.0.2/denonext/universal-user-agent.mjs": "c95431a8f6a7593e78b18ba137d1ae8fb8e2c7ebbcfc55c3d2cf1c9667ae8554",
    "https://esm.sh/v135/wrappy@1.0.2/denonext/wrappy.mjs": "3c31e4782e0307cf56b319fcec6110f925dafe6cb47a8fa23350d480f5fa8b06"
  },
  "workspace": {
    "packageJson": {
      "dependencies": [
        "npm:@octokit/auth-oauth-app@^8.1.1",
        "npm:@octokit/core@^6.1.2",
        "npm:@octokit/oauth-app@^7.1.2"
      ]
    }
  }
}
